
Microsoft Visual Studio Solution File, Format Version 12.00
# Visual Studio Version 17
VisualStudioVersion = 17.1.32228.430
MinimumVisualStudioVersion = 10.0.40219.1
Project("{8BC9CEB8-8B4A-11D0-8D11-00A0C91BC942}") = "Chapter3", "Chapter3\Chapter3.vcxproj", "{DABC6E5C-6BC5-424D-8F08-56A6BCD1386A}"
EndProject
Global
	GlobalSection(SolutionConfigurationPlatforms) = preSolution
		Debug|x64 = Debug|x64
		Debug|x86 = Debug|x86
		Release|x64 = Release|x64
		Release|x86 = Release|x86
	EndGlobalSection
	GlobalSection(ProjectConfigurationPlatforms) = postSolution
		{DABC6E5C-6BC5-424D-8F08-56A6BCD1386A}.Debug|x64.ActiveCfg = Debug|x64
		{DABC6E5C-6BC5-424D-8F08-56A6BCD1386A}.Debug|x64.Build.0 = Debug|x64
		{DABC6E5C-6BC5-424D-8F08-56A6BCD1386A}.Debug|x86.ActiveCfg = Debug|Win32
		{DABC6E5C-6BC5-424D-8F08-56A6BCD1386A}.Debug|x86.Build.0 = Debug|Win32
		{DABC6E5C-6BC5-424D-8F08-56A6BCD1386A}.Release|x64.ActiveCfg = Release|x64
		{DABC6E5C-6BC5-424D-8F08-56A6BCD1386A}.Release|x64.Build.0 = Release|x64
		{DABC6E5C-6BC5-424D-8F08-56A6BCD1386A}.Release|x86.ActiveCfg = Release|Win32
		{DABC6E5C-6BC5-424D-8F08-56A6BCD1386A}.Release|x86.Build.0 = Release|Win32
	EndGlobalSection
	GlobalSection(SolutionProperties) = preSolution
		HideSolutionNode = FALSE
	EndGlobalSection
	GlobalSection(ExtensibilityGlobals) = postSolution
		SolutionGuid = {C18885B1-0C03-4931-A378-B770FF3AC7C5}
	EndGlobalSection
EndGlobal
